
Microsoft Visual Studio Solution File, Format Version 12.00
# Visual Studio Version 16
VisualStudioVersion = 16.0.31911.196
MinimumVisualStudioVersion = 10.0.40219.1
Project("{9A19103F-16F7-4668-BE54-9A1E7A4F7556}") = "SehirlerVeIlcelerJSONOrnek", "SehirlerVeIlcelerJSONOrnek\SehirlerVeIlcelerJSONOrnek.csproj", "{F93C2360-45DC-4B65-AE69-6DC4AE466EB7}"
EndProject
Project("{9A19103F-16F7-4668-BE54-9A1E7A4F7556}") = "SehirlerVeIlcelerJSON_BLL", "SehirlerVeIlcelerJSON_BLL\SehirlerVeIlcelerJSON_BLL.csproj", "{2B750AA6-6436-4510-A253-AE18D48A715F}"
EndProject
Project("{9A19103F-16F7-4668-BE54-9A1E7A4F7556}") = "SehirlerVeIlcelerJSON_ENTITYMODELS", "SehirlerVeIlcelerJSON_ENTITYMODELS\SehirlerVeIlcelerJSON_ENTITYMODELS.csproj", "{8DF06CCB-A2A6-4C43-8F8D-3FD09275F930}"
EndProject
Global
	GlobalSection(SolutionConfigurationPlatforms) = preSolution
		Debug|Any CPU = Debug|Any CPU
		Release|Any CPU = Release|Any CPU
	EndGlobalSection
	GlobalSection(ProjectConfigurationPlatforms) = postSolution
		{F93C2360-45DC-4B65-AE69-6DC4AE466EB7}.Debug|Any CPU.ActiveCfg = Debug|Any CPU
		{F93C2360-45DC-4B65-AE69-6DC4AE466EB7}.Debug|Any CPU.Build.0 = Debug|Any CPU
		{F93C2360-45DC-4B65-AE69-6DC4AE466EB7}.Release|Any CPU.ActiveCfg = Release|Any CPU
		{F93C2360-45DC-4B65-AE69-6DC4AE466EB7}.Release|Any CPU.Build.0 = Release|Any CPU
		{2B750AA6-6436-4510-A253-AE18D48A715F}.Debug|Any CPU.ActiveCfg = Debug|Any CPU
		{2B750AA6-6436-4510-A253-AE18D48A715F}.Debug|Any CPU.Build.0 = Debug|Any CPU
		{2B750AA6-6436-4510-A253-AE18D48A715F}.Release|Any CPU.ActiveCfg = Release|Any CPU
		{2B750AA6-6436-4510-A253-AE18D48A715F}.Release|Any CPU.Build.0 = Release|Any CPU
		{8DF06CCB-A2A6-4C43-8F8D-3FD09275F930}.Debug|Any CPU.ActiveCfg = Debug|Any CPU
		{8DF06CCB-A2A6-4C43-8F8D-3FD09275F930}.Debug|Any CPU.Build.0 = Debug|Any CPU
		{8DF06CCB-A2A6-4C43-8F8D-3FD09275F930}.Release|Any CPU.ActiveCfg = Release|Any CPU
		{8DF06CCB-A2A6-4C43-8F8D-3FD09275F930}.Release|Any CPU.Build.0 = Release|Any CPU
	EndGlobalSection
	GlobalSection(SolutionProperties) = preSolution
		HideSolutionNode = FALSE
	EndGlobalSection
	GlobalSection(ExtensibilityGlobals) = postSolution
		SolutionGuid = {45BBFFD9-668F-4B4F-A308-64BA7F0AC475}
	EndGlobalSection
EndGlobal
